Microsoft Visual Studio Solution File, Format Version 12.00
# Visual Studio Version 16
VisualStudioVersion = 16.0.31613.86
MinimumVisualStudioVersion = 10.0.40219.1
Project("{FAE04EC0-301F-11D3-BF4B-00C04F79EFBC}") = "GuidGen.NET46", "GuidGen.Console\GuidGen.NET46.csproj", "{5A787308-FD38-4A36-BDE8-217FBD21038A}"
EndProject
Project("{FAE04EC0-301F-11D3-BF4B-00C04F79EFBC}") = "GuidGen.UnitTesting", "GuidGen.UnitTesting\GuidGen.UnitTesting.csproj", "{E163CF2C-EA32-4D1E-BC38-BA64174BD3FB}"
EndProject
Project("{FAE04EC0-301F-11D3-BF4B-00C04F79EFBC}") = "GuidGen.NET20", "GuidGen.Console\GuidGen.NET20.csproj", "{688789CC-8F35-4E73-A4B6-5A02B31E332B}"
EndProject
Project("{FAE04EC0-301F-11D3-BF4B-00C04F79EFBC}") = "GuidGen.NET35", "GuidGen.Console\GuidGen.NET35.csproj", "{2A816F94-88C5-4ADF-8EAD-E1DCCEF1C27E}"
EndProject
Project("{FAE04EC0-301F-11D3-BF4B-00C04F79EFBC}") = "GuidGen.NET40", "GuidGen.Console\GuidGen.NET40.csproj", "{B5A2069D-C1DF-479C-BBF7-E65FA626E888}"
EndProject
Project("{FAE04EC0-301F-11D3-BF4B-00C04F79EFBC}") = "GuidGen.NET45", "GuidGen.Console\GuidGen.NET45.csproj", "{6B2AAED2-1A00-4C3A-AEEF-1E7D26946E37}"
EndProject
Project("{2150E333-8FDC-42A3-9474-1A3956D46DE8}") = ".NET Versions", ".NET Versions", "{A1520E2C-35FE-48EF-BCDA-83F8661061F4}"
EndProject
Project("{2150E333-8FDC-42A3-9474-1A3956D46DE8}") = "Unit Testing", "Unit Testing", "{49B3961F-1689-49B7-8DAB-56BAE4229587}"
EndProject
Project("{2150E333-8FDC-42A3-9474-1A3956D46DE8}") = "chocolatey", "chocolatey", "{0AB16C4A-8C7F-429C-91FB-74BB56C1F169}"
	ProjectSection(SolutionItems) = preProject
		Choco.Installer\chocolatey.guidgen-console.nuspec = Choco.Installer\chocolatey.guidgen-console.nuspec
		Choco.Installer\make-chocolatey.ps1 = Choco.Installer\make-chocolatey.ps1
	EndProjectSection
EndProject
Project("{2150E333-8FDC-42A3-9474-1A3956D46DE8}") = "tools", "tools", "{A12C741E-EF51-4E88-ABE3-BB8FBDBD8C0A}"
	ProjectSection(SolutionItems) = preProject
		Choco.Installer\tools\chocolateyInstall.ps1 = Choco.Installer\tools\chocolateyInstall.ps1
	EndProjectSection
EndProject
Project("{FAE04EC0-301F-11D3-BF4B-00C04F79EFBC}") = "GuidGen.NET47", "GuidGen.Console\GuidGen.NET47.csproj", "{7E5A2415-97B5-4669-9F9A-16B617081C4B}"
EndProject
Project("{FAE04EC0-301F-11D3-BF4B-00C04F79EFBC}") = "GuidGen.NET48", "GuidGen.Console\GuidGen.NET48.csproj", "{750CE9E8-ABD0-4DD0-A694-E2C2EFF0C205}"
EndProject
Global
	GlobalSection(SolutionConfigurationPlatforms) = preSolution
		Debug|Any CPU = Debug|Any CPU
		Release|Any CPU = Release|Any CPU
	EndGlobalSection
	GlobalSection(ProjectConfigurationPlatforms) = postSolution
		{5A787308-FD38-4A36-BDE8-217FBD21038A}.Debug|Any CPU.ActiveCfg = Debug|Any CPU
		{5A787308-FD38-4A36-BDE8-217FBD21038A}.Debug|Any CPU.Build.0 = Debug|Any CPU
		{5A787308-FD38-4A36-BDE8-217FBD21038A}.Release|Any CPU.ActiveCfg = Release|Any CPU
		{5A787308-FD38-4A36-BDE8-217FBD21038A}.Release|Any CPU.Build.0 = Release|Any CPU
		{E163CF2C-EA32-4D1E-BC38-BA64174BD3FB}.Debug|Any CPU.ActiveCfg = Debug|Any CPU
		{E163CF2C-EA32-4D1E-BC38-BA64174BD3FB}.Debug|Any CPU.Build.0 = Debug|Any CPU
		{E163CF2C-EA32-4D1E-BC38-BA64174BD3FB}.Release|Any CPU.ActiveCfg = Release|Any CPU
		{E163CF2C-EA32-4D1E-BC38-BA64174BD3FB}.Release|Any CPU.Build.0 = Release|Any CPU
		{688789CC-8F35-4E73-A4B6-5A02B31E332B}.Debug|Any CPU.ActiveCfg = Debug|Any CPU
		{688789CC-8F35-4E73-A4B6-5A02B31E332B}.Debug|Any CPU.Build.0 = Debug|Any CPU
		{688789CC-8F35-4E73-A4B6-5A02B31E332B}.Release|Any CPU.ActiveCfg = Release|Any CPU
		{688789CC-8F35-4E73-A4B6-5A02B31E332B}.Release|Any CPU.Build.0 = Release|Any CPU
		{2A816F94-88C5-4ADF-8EAD-E1DCCEF1C27E}.Debug|Any CPU.ActiveCfg = Debug|Any CPU
		{2A816F94-88C5-4ADF-8EAD-E1DCCEF1C27E}.Debug|Any CPU.Build.0 = Debug|Any CPU
		{2A816F94-88C5-4ADF-8EAD-E1DCCEF1C27E}.Release|Any CPU.ActiveCfg = Release|Any CPU
		{2A816F94-88C5-4ADF-8EAD-E1DCCEF1C27E}.Release|Any CPU.Build.0 = Release|Any CPU
		{B5A2069D-C1DF-479C-BBF7-E65FA626E888}.Debug|Any CPU.ActiveCfg = Debug|Any CPU
		{B5A2069D-C1DF-479C-BBF7-E65FA626E888}.Debug|Any CPU.Build.0 = Debug|Any CPU
		{B5A2069D-C1DF-479C-BBF7-E65FA626E888}.Release|Any CPU.ActiveCfg = Release|Any CPU
		{B5A2069D-C1DF-479C-BBF7-E65FA626E888}.Release|Any CPU.Build.0 = Release|Any CPU
		{6B2AAED2-1A00-4C3A-AEEF-1E7D26946E37}.Debug|Any CPU.ActiveCfg = Debug|Any CPU
		{6B2AAED2-1A00-4C3A-AEEF-1E7D26946E37}.Debug|Any CPU.Build.0 = Debug|Any CPU
		{6B2AAED2-1A00-4C3A-AEEF-1E7D26946E37}.Release|Any CPU.ActiveCfg = Release|Any CPU
		{6B2AAED2-1A00-4C3A-AEEF-1E7D26946E37}.Release|Any CPU.Build.0 = Release|Any CPU
		{7E5A2415-97B5-4669-9F9A-16B617081C4B}.Debug|Any CPU.ActiveCfg = Debug|Any CPU
		{7E5A2415-97B5-4669-9F9A-16B617081C4B}.Debug|Any CPU.Build.0 = Debug|Any CPU
		{7E5A2415-97B5-4669-9F9A-16B617081C4B}.Release|Any CPU.ActiveCfg = Release|Any CPU
		{7E5A2415-97B5-4669-9F9A-16B617081C4B}.Release|Any CPU.Build.0 = Release|Any CPU
		{750CE9E8-ABD0-4DD0-A694-E2C2EFF0C205}.Debug|Any CPU.ActiveCfg = Debug|Any CPU
		{750CE9E8-ABD0-4DD0-A694-E2C2EFF0C205}.Debug|Any CPU.Build.0 = Debug|Any CPU
		{750CE9E8-ABD0-4DD0-A694-E2C2EFF0C205}.Release|Any CPU.ActiveCfg = Release|Any CPU
		{750CE9E8-ABD0-4DD0-A694-E2C2EFF0C205}.Release|Any CPU.Build.0 = Release|Any CPU
	EndGlobalSection
	GlobalSection(SolutionProperties) = preSolution
		HideSolutionNode = FALSE
	EndGlobalSection
	GlobalSection(NestedProjects) = preSolution
		{5A787308-FD38-4A36-BDE8-217FBD21038A} = {A1520E2C-35FE-48EF-BCDA-83F8661061F4}
		{E163CF2C-EA32-4D1E-BC38-BA64174BD3FB} = {49B3961F-1689-49B7-8DAB-56BAE4229587}
		{688789CC-8F35-4E73-A4B6-5A02B31E332B} = {A1520E2C-35FE-48EF-BCDA-83F8661061F4}
		{2A816F94-88C5-4ADF-8EAD-E1DCCEF1C27E} = {A1520E2C-35FE-48EF-BCDA-83F8661061F4}
		{B5A2069D-C1DF-479C-BBF7-E65FA626E888} = {A1520E2C-35FE-48EF-BCDA-83F8661061F4}
		{6B2AAED2-1A00-4C3A-AEEF-1E7D26946E37} = {A1520E2C-35FE-48EF-BCDA-83F8661061F4}
		{A12C741E-EF51-4E88-ABE3-BB8FBDBD8C0A} = {0AB16C4A-8C7F-429C-91FB-74BB56C1F169}
		{7E5A2415-97B5-4669-9F9A-16B617081C4B} = {A1520E2C-35FE-48EF-BCDA-83F8661061F4}
		{750CE9E8-ABD0-4DD0-A694-E2C2EFF0C205} = {A1520E2C-35FE-48EF-BCDA-83F8661061F4}
	EndGlobalSection
	GlobalSection(ExtensibilityGlobals) = postSolution
		SolutionGuid = {49C87399-1709-478D-B549-88DE5D0F163F}
	EndGlobalSection
EndGlobal
